
Microsoft Visual Studio Solution File, Format Version 12.00
# Visual Studio Version 17
VisualStudioVersion = 17.10.34607.79
MinimumVisualStudioVersion = 10.0.40219.1
Project("{9A19103F-16F7-4668-BE54-9A1E7A4F7556}") = "make your life easier", "make your life easier\make your life easier.csproj", "{55B27C1B-A3A0-4965-B799-690D05400E16}"
EndProject
Global
	GlobalSection(SolutionConfigurationPlatforms) = preSolution
		Debug|Any CPU = Debug|Any CPU
		DefaultBuild|Any CPU = DefaultBuild|Any CPU
		Release|Any CPU = Release|Any CPU
	EndGlobalSection
	GlobalSection(ProjectConfigurationPlatforms) = postSolution
		{55B27C1B-A3A0-4965-B799-690D05400E16}.Debug|Any CPU.ActiveCfg = Debug|Any CPU
		{55B27C1B-A3A0-4965-B799-690D05400E16}.Debug|Any CPU.Build.0 = Debug|Any CPU
		{55B27C1B-A3A0-4965-B799-690D05400E16}.DefaultBuild|Any CPU.ActiveCfg = Debug|Any CPU
		{55B27C1B-A3A0-4965-B799-690D05400E16}.DefaultBuild|Any CPU.Build.0 = Debug|Any CPU
		{55B27C1B-A3A0-4965-B799-690D05400E16}.Release|Any CPU.ActiveCfg = Release|Any CPU
		{55B27C1B-A3A0-4965-B799-690D05400E16}.Release|Any CPU.Build.0 = Release|Any CPU
	EndGlobalSection
	GlobalSection(SolutionProperties) = preSolution
		HideSolutionNode = FALSE
	EndGlobalSection
	GlobalSection(ExtensibilityGlobals) = postSolution
		SolutionGuid = {262AF34F-983C-4445-A10D-109E5AB40582}
	EndGlobalSection
EndGlobal
